PODS:
  - SpellCheckerTextView (0.1.0)

DEPENDENCIES:
  - SpellCheckerTextView (from `../`)

EXTERNAL SOURCES:
  SpellCheckerTextView:
    :path: "../"

SPEC CHECKSUMS:
  SpellCheckerTextView: fe32642bbe9568c5fab1aa66abd86fd3e89d7e96

PODFILE CHECKSUM: 6fba38a45798fb8d5bb4fc06fe24e928dafb4f42

COCOAPODS: 1.5.3
